// !$*UTF8*$!
{
	archiveVersion = 1;
	classes = {
	};
	objectVersion = 51;
	objects = {

/* Begin PBXBuildFile section */
		67136F8F2683BB5700A97080 /* AppDelegate.swift in Sources */ = {isa = PBXBuildFile; fileRef = 67136F8E2683BB5700A97080 /* AppDelegate.swift */; };
		67136F912683BB5700A97080 /* SceneDelegate.swift in Sources */ = {isa = PBXBuildFile; fileRef = 67136F902683BB5700A97080 /* SceneDelegate.swift */; };
		67136F962683BB5700A97080 /* Main.storyboard in Resources */ = {isa = PBXBuildFile; fileRef = 67136F942683BB5700A97080 /* Main.storyboard */; };
		67136F982683BB5A00A97080 /* Assets.xcassets in Resources */ = {isa = PBXBuildFile; fileRef = 67136F972683BB5A00A97080 /* Assets.xcassets */; };
		67136F9B2683BB5A00A97080 /* LaunchScreen.storyboard in Resources */ = {isa = PBXBuildFile; fileRef = 67136F992683BB5A00A97080 /* LaunchScreen.storyboard */; };
		67136FA72683C83D00A97080 /* WelcomeViewController.swift in Sources */ = {isa = PBXBuildFile; fileRef = 67136FA62683C83D00A97080 /* WelcomeViewController.swift */; };
		67136FA92683D9CF00A97080 /* GoogleService-Info.plist in Resources */ = {isa = PBXBuildFile; fileRef = 67136FA82683D9CF00A97080 /* GoogleService-Info.plist */; };
		676945AE26936A350057B381 /* UserTableViewCell.swift in Sources */ = {isa = PBXBuildFile; fileRef = 676945AD26936A350057B381 /* UserTableViewCell.swift */; };
		677A648C26961E17009EC61A /* ProfileTableViewController.swift in Sources */ = {isa = PBXBuildFile; fileRef = 677A648B26961E17009EC61A /* ProfileTableViewController.swift */; };
		67BF04F22693707000B220E4 /* UsersTableViewController.swift in Sources */ = {isa = PBXBuildFile; fileRef = 67BF04F12693707000B220E4 /* UsersTableViewController.swift */; };
		67BF04F42693893300B220E4 /* ChatsViewController.swift in Sources */ = {isa = PBXBuildFile; fileRef = 67BF04F32693893300B220E4 /* ChatsViewController.swift */; };
		67D89AFA268619B7000C80BD /* FUser.swift in Sources */ = {isa = PBXBuildFile; fileRef = 67D89AF9268619B7000C80BD /* FUser.swift */; };
		67D89AFC26861A59000C80BD /* Constants.swift in Sources */ = {isa = PBXBuildFile; fileRef = 67D89AFB26861A59000C80BD /* Constants.swift */; };
		67D89AFE26861D31000C80BD /* CollectionReference.swift in Sources */ = {isa = PBXBuildFile; fileRef = 67D89AFD26861D31000C80BD /* CollectionReference.swift */; };
		67D89B0026861FF3000C80BD /* HelperFuctions.swift in Sources */ = {isa = PBXBuildFile; fileRef = 67D89AFF26861FF3000C80BD /* HelperFuctions.swift */; };
		67D89B0226862F75000C80BD /* FinishRegistrationViewController.swift in Sources */ = {isa = PBXBuildFile; fileRef = 67D89B0126862F75000C80BD /* FinishRegistrationViewController.swift */; };
		67FD509B268CF71400FC2381 /* SettingsTableViewController.swift in Sources */ = {isa = PBXBuildFile; fileRef = 67FD509A268CF71400FC2381 /* SettingsTableViewController.swift */; };
		82AACA00926F2B03AC609F9F /* Pods_JoseChat.framework in Frameworks */ = {isa = PBXBuildFile; fileRef = 63358A3AD657E94B1CC871D6 /* Pods_JoseChat.framework */; };
/* End PBXBuildFile section */

/* Begin PBXFileReference section */
		204A03C3BB46D316D012D5E1 /* Pods-JoseChat.debug.xcconfig */ = {isa = PBXFileReference; includeInIndex = 1; lastKnownFileType = text.xcconfig; name = "Pods-JoseChat.debug.xcconfig"; path = "Target Support Files/Pods-JoseChat/Pods-JoseChat.debug.xcconfig"; sourceTree = "<group>"; };
		63358A3AD657E94B1CC871D6 /* Pods_JoseChat.framework */ = {isa = PBXFileReference; explicitFileType = wrapper.framework; includeInIndex = 0; path = Pods_JoseChat.framework; sourceTree = BUILT_PRODUCTS_DIR; };
		67136F8B2683BB5700A97080 /* JoseChat.app */ = {isa = PBXFileReference; explicitFileType = wrapper.application; includeInIndex = 0; path = JoseChat.app; sourceTree = BUILT_PRODUCTS_DIR; };
		67136F8E2683BB5700A97080 /* AppDelegate.swift */ = {isa = PBXFileReference; lastKnownFileType = sourcecode.swift; path = AppDelegate.swift; sourceTree = "<group>"; };
		67136F902683BB5700A97080 /* SceneDelegate.swift */ = {isa = PBXFileReference; lastKnownFileType = sourcecode.swift; path = SceneDelegate.swift; sourceTree = "<group>"; };
		67136F952683BB5700A97080 /* Base */ = {isa = PBXFileReference; lastKnownFileType = file.storyboard; name = Base; path = Base.lproj/Main.storyboard; sourceTree = "<group>"; };
		67136F972683BB5A00A97080 /* Assets.xcassets */ = {isa = PBXFileReference; lastKnownFileType = folder.assetcatalog; path = Assets.xcassets; sourceTree = "<group>"; };
		67136F9A2683BB5A00A97080 /* Base */ = {isa = PBXFileReference; lastKnownFileType = file.storyboard; name = Base; path = Base.lproj/LaunchScreen.storyboard; sourceTree = "<group>"; };
		67136F9C2683BB5A00A97080 /* Info.plist */ = {isa = PBXFileReference; lastKnownFileType = text.plist.xml; path = Info.plist; sourceTree = "<group>"; };
		67136FA62683C83D00A97080 /* WelcomeViewController.swift */ = {isa = PBXFileReference; lastKnownFileType = sourcecode.swift; path = WelcomeViewController.swift; sourceTree = "<group>"; };
		67136FA82683D9CF00A97080 /* GoogleService-Info.plist */ = {isa = PBXFileReference; fileEncoding = 4; lastKnownFileType = text.plist.xml; path = "GoogleService-Info.plist"; sourceTree = "<group>"; };
		676945AD26936A350057B381 /* UserTableViewCell.swift */ = {isa = PBXFileReference; lastKnownFileType = sourcecode.swift; path = UserTableViewCell.swift; sourceTree = "<group>"; };
		677A648B26961E17009EC61A /* ProfileTableViewController.swift */ = {isa = PBXFileReference; lastKnownFileType = sourcecode.swift; path = ProfileTableViewController.swift; sourceTree = "<group>"; };
		67BF04F12693707000B220E4 /* UsersTableViewController.swift */ = {isa = PBXFileReference; lastKnownFileType = sourcecode.swift; path = UsersTableViewController.swift; sourceTree = "<group>"; };
		67BF04F32693893300B220E4 /* ChatsViewController.swift */ = {isa = PBXFileReference; lastKnownFileType = sourcecode.swift; path = ChatsViewController.swift; sourceTree = "<group>"; };
		67D89AF9268619B7000C80BD /* FUser.swift */ = {isa = PBXFileReference; lastKnownFileType = sourcecode.swift; path = FUser.swift; sourceTree = "<group>"; };
		67D89AFB26861A59000C80BD /* Constants.swift */ = {isa = PBXFileReference; lastKnownFileType = sourcecode.swift; path = Constants.swift; sourceTree = "<group>"; };
		67D89AFD26861D31000C80BD /* CollectionReference.swift */ = {isa = PBXFileReference; lastKnownFileType = sourcecode.swift; path = CollectionReference.swift; sourceTree = "<group>"; };
		67D89AFF26861FF3000C80BD /* HelperFuctions.swift */ = {isa = PBXFileReference; lastKnownFileType = sourcecode.swift; path = HelperFuctions.swift; sourceTree = "<group>"; };
		67D89B0126862F75000C80BD /* FinishRegistrationViewController.swift */ = {isa = PBXFileReference; lastKnownFileType = sourcecode.swift; path = FinishRegistrationViewController.swift; sourceTree = "<group>"; };
		67FD509A268CF71400FC2381 /* SettingsTableViewController.swift */ = {isa = PBXFileReference; lastKnownFileType = sourcecode.swift; name = SettingsTableViewController.swift; path = JoseChat/Controller/SettingsTableViewController.swift; sourceTree = SOURCE_ROOT; };
		9F7BD3BB10097045050DFE51 /* Pods-JoseChat.release.xcconfig */ = {isa = PBXFileReference; includeInIndex = 1; lastKnownFileType = text.xcconfig; name = "Pods-JoseChat.release.xcconfig"; path = "Target Support Files/Pods-JoseChat/Pods-JoseChat.release.xcconfig"; sourceTree = "<group>"; };
/* End PBXFileReference section */

/* Begin PBXFrameworksBuildPhase section */
		67136F882683BB5700A97080 /* Frameworks */ = {
			isa = PBXFrameworksBuildPhase;
			buildActionMask = 2147483647;
			files = (
				82AACA00926F2B03AC609F9F /* Pods_JoseChat.framework in Frameworks */,
			);
			runOnlyForDeploymentPostprocessing = 0;
		};
/* End PBXFrameworksBuildPhase section */

/* Begin PBXGroup section */
		552D462B4857D102B934EA22 /* Frameworks */ = {
			isa = PBXGroup;
			children = (
				63358A3AD657E94B1CC871D6 /* Pods_JoseChat.framework */,
			);
			name = Frameworks;
			sourceTree = "<group>";
		};
		67136F822683BB5700A97080 = {
			isa = PBXGroup;
			children = (
				67136F8D2683BB5700A97080 /* JoseChat */,
				67136F8C2683BB5700A97080 /* Products */,
				B4ABB3CDAC84AD69BB775BCC /* Pods */,
				552D462B4857D102B934EA22 /* Frameworks */,
			);
			sourceTree = "<group>";
		};
		67136F8C2683BB5700A97080 /* Products */ = {
			isa = PBXGroup;
			children = (
				67136F8B2683BB5700A97080 /* JoseChat.app */,
			);
			name = Products;
			sourceTree = "<group>";
		};
		67136F8D2683BB5700A97080 /* JoseChat */ = {
			isa = PBXGroup;
			children = (
				67BF04F026936FF500B220E4 /* CustomsCells */,
				67D89B0326862FA8000C80BD /* Helpers */,
				67136FA52683C38000A97080 /* Supporting Files */,
				67136FA42683C27D00A97080 /* Controller */,
				67136FA32683C27700A97080 /* View */,
				67136FA22683C27000A97080 /* Model */,
				67136F9C2683BB5A00A97080 /* Info.plist */,
				67136FA82683D9CF00A97080 /* GoogleService-Info.plist */,
			);
			path = JoseChat;
			sourceTree = "<group>";
		};
		67136FA22683C27000A97080 /* Model */ = {
			isa = PBXGroup;
			children = (
				67D89AF9268619B7000C80BD /* FUser.swift */,
			);
			path = Model;
			sourceTree = "<group>";
		};
		67136FA32683C27700A97080 /* View */ = {
			isa = PBXGroup;
			children = (
				67136F942683BB5700A97080 /* Main.storyboard */,
				67FD509A268CF71400FC2381 /* SettingsTableViewController.swift */,
				67136F992683BB5A00A97080 /* LaunchScreen.storyboard */,
			);
			path = View;
			sourceTree = "<group>";
		};
		67136FA42683C27D00A97080 /* Controller */ = {
			isa = PBXGroup;
			children = (
				67136FA62683C83D00A97080 /* WelcomeViewController.swift */,
				67D89B0126862F75000C80BD /* FinishRegistrationViewController.swift */,
				67BF04F12693707000B220E4 /* UsersTableViewController.swift */,
				67BF04F32693893300B220E4 /* ChatsViewController.swift */,
				677A648B26961E17009EC61A /* ProfileTableViewController.swift */,
			);
			path = Controller;
			sourceTree = "<group>";
		};
		67136FA52683C38000A97080 /* Supporting Files */ = {
			isa = PBXGroup;
			children = (
				67136F902683BB5700A97080 /* SceneDelegate.swift */,
				67136F8E2683BB5700A97080 /* AppDelegate.swift */,
				67136F972683BB5A00A97080 /* Assets.xcassets */,
			);
			path = "Supporting Files";
			sourceTree = "<group>";
		};
		67BF04F026936FF500B220E4 /* CustomsCells */ = {
			isa = PBXGroup;
			children = (
				676945AD26936A350057B381 /* UserTableViewCell.swift */,
			);
			path = CustomsCells;
			sourceTree = "<group>";
		};
		67D89B0326862FA8000C80BD /* Helpers */ = {
			isa = PBXGroup;
			children = (
				67D89AFF26861FF3000C80BD /* HelperFuctions.swift */,
				67D89AFD26861D31000C80BD /* CollectionReference.swift */,
				67D89AFB26861A59000C80BD /* Constants.swift */,
			);
			path = Helpers;
			sourceTree = "<group>";
		};
		B4ABB3CDAC84AD69BB775BCC /* Pods */ = {
			isa = PBXGroup;
			children = (
				204A03C3BB46D316D012D5E1 /* Pods-JoseChat.debug.xcconfig */,
				9F7BD3BB10097045050DFE51 /* Pods-JoseChat.release.xcconfig */,
			);
			path = Pods;
			sourceTree = "<group>";
		};
/* End PBXGroup section */

/* Begin PBXNativeTarget section */
		67136F8A2683BB5700A97080 /* JoseChat */ = {
			isa = PBXNativeTarget;
			buildConfigurationList = 67136F9F2683BB5A00A97080 /* Build configuration list for PBXNativeTarget "JoseChat" */;
			buildPhases = (
				02734A361D413D722FF54B6F /* [CP] Check Pods Manifest.lock */,
				67136F872683BB5700A97080 /* Sources */,
				67136F882683BB5700A97080 /* Frameworks */,
				67136F892683BB5700A97080 /* Resources */,
				2575886955BEB1CC10A0BF85 /* [CP] Embed Pods Frameworks */,
			);
			buildRules = (
			);
			dependencies = (
			);
			name = JoseChat;
			productName = JoseChat;
			productReference = 67136F8B2683BB5700A97080 /* JoseChat.app */;
			productType = "com.apple.product-type.application";
		};
/* End PBXNativeTarget section */

/* Begin PBXProject section */
		67136F832683BB5700A97080 /* Project object */ = {
			isa = PBXProject;
			attributes = {
				LastSwiftUpdateCheck = 1250;
				LastUpgradeCheck = 1250;
				TargetAttributes = {
					67136F8A2683BB5700A97080 = {
						CreatedOnToolsVersion = 12.5.1;
					};
				};
			};
			buildConfigurationList = 67136F862683BB5700A97080 /* Build configuration list for PBXProject "JoseChat" */;
			compatibilityVersion = "Xcode 9.3";
			developmentRegion = en;
			hasScannedForEncodings = 0;
			knownRegions = (
				en,
				Base,
			);
			mainGroup = 67136F822683BB5700A97080;
			productRefGroup = 67136F8C2683BB5700A97080 /* Products */;
			projectDirPath = "";
			projectRoot = "";
			targets = (
				67136F8A2683BB5700A97080 /* JoseChat */,
			);
		};
/* End PBXProject section */

/* Begin PBXResourcesBuildPhase section */
		67136F892683BB5700A97080 /* Resources */ = {
			isa = PBXResourcesBuildPhase;
			buildActionMask = 2147483647;
			files = (
				67136F9B2683BB5A00A97080 /* LaunchScreen.storyboard in Resources */,
				67136FA92683D9CF00A97080 /* GoogleService-Info.plist in Resources */,
				67136F982683BB5A00A97080 /* Assets.xcassets in Resources */,
				67136F962683BB5700A97080 /* Main.storyboard in Resources */,
			);
			runOnlyForDeploymentPostprocessing = 0;
		};
/* End PBXResourcesBuildPhase section */

/* Begin PBXShellScriptBuildPhase section */
		02734A361D413D722FF54B6F /* [CP] Check Pods Manifest.lock */ = {
			isa = PBXShellScriptBuildPhase;
			buildActionMask = 2147483647;
			files = (
			);
			inputFileListPaths = (
			);
			inputPaths = (
				"${PODS_PODFILE_DIR_PATH}/Podfile.lock",
				"${PODS_ROOT}/Manifest.lock",
			);
			name = "[CP] Check Pods Manifest.lock";
			outputFileListPaths = (
			);
			outputPaths = (
				"$(DERIVED_FILE_DIR)/Pods-JoseChat-checkManifestLockResult.txt",
			);
			runOnlyForDeploymentPostprocessing = 0;
			shellPath = /bin/sh;
			shellScript = "diff \"${PODS_PODFILE_DIR_PATH}/Podfile.lock\" \"${PODS_ROOT}/Manifest.lock\" > /dev/null\nif [ $? != 0 ] ; then\n    # print error to STDERR\n    echo \"error: The sandbox is not in sync with the Podfile.lock. Run 'pod install' or update your CocoaPods installation.\" >&2\n    exit 1\nfi\n# This output is used by Xcode 'outputs' to avoid re-running this script phase.\necho \"SUCCESS\" > \"${SCRIPT_OUTPUT_FILE_0}\"\n";
			showEnvVarsInLog = 0;
		};
		2575886955BEB1CC10A0BF85 /* [CP] Embed Pods Frameworks */ = {
			isa = PBXShellScriptBuildPhase;
			buildActionMask = 2147483647;
			files = (
			);
			inputFileListPaths = (
				"${PODS_ROOT}/Target Support Files/Pods-JoseChat/Pods-JoseChat-frameworks-${CONFIGURATION}-input-files.xcfilelist",
			);
			name = "[CP] Embed Pods Frameworks";
			outputFileListPaths = (
				"${PODS_ROOT}/Target Support Files/Pods-JoseChat/Pods-JoseChat-frameworks-${CONFIGURATION}-output-files.xcfilelist",
			);
			runOnlyForDeploymentPostprocessing = 0;
			shellPath = /bin/sh;
			shellScript = "\"${PODS_ROOT}/Target Support Files/Pods-JoseChat/Pods-JoseChat-frameworks.sh\"\n";
			showEnvVarsInLog = 0;
		};
/* End PBXShellScriptBuildPhase section */

/* Begin PBXSourcesBuildPhase section */
		67136F872683BB5700A97080 /* Sources */ = {
			isa = PBXSourcesBuildPhase;
			buildActionMask = 2147483647;
			files = (
				67D89AFC26861A59000C80BD /* Constants.swift in Sources */,
				67136FA72683C83D00A97080 /* WelcomeViewController.swift in Sources */,
				67D89B0026861FF3000C80BD /* HelperFuctions.swift in Sources */,
				67136F8F2683BB5700A97080 /* AppDelegate.swift in Sources */,
				676945AE26936A350057B381 /* UserTableViewCell.swift in Sources */,
				67BF04F22693707000B220E4 /* UsersTableViewController.swift in Sources */,
				67D89B0226862F75000C80BD /* FinishRegistrationViewController.swift in Sources */,
				67136F912683BB5700A97080 /* SceneDelegate.swift in Sources */,
				677A648C26961E17009EC61A /* ProfileTableViewController.swift in Sources */,
				67D89AFA268619B7000C80BD /* FUser.swift in Sources */,
				67D89AFE26861D31000C80BD /* CollectionReference.swift in Sources */,
				67BF04F42693893300B220E4 /* ChatsViewController.swift in Sources */,
				67FD509B268CF71400FC2381 /* SettingsTableViewController.swift in Sources */,
			);
			runOnlyForDeploymentPostprocessing = 0;
		};
/* End PBXSourcesBuildPhase section */

/* Begin PBXVariantGroup section */
		67136F942683BB5700A97080 /* Main.storyboard */ = {
			isa = PBXVariantGroup;
			children = (
				67136F952683BB5700A97080 /* Base */,
			);
			name = Main.storyboard;
			sourceTree = "<group>";
		};
		67136F992683BB5A00A97080 /* LaunchScreen.storyboard */ = {
			isa = PBXVariantGroup;
			children = (
				67136F9A2683BB5A00A97080 /* Base */,
			);
			name = LaunchScreen.storyboard;
			sourceTree = "<group>";
		};
/* End PBXVariantGroup section */

/* Begin XCBuildConfiguration section */
		67136F9D2683BB5A00A97080 /* Debug */ = {
			isa = XCBuildConfiguration;
			buildSettings = {
				ALWAYS_SEARCH_USER_PATHS = NO;
				CLANG_ANALYZER_NONNULL = YES;
				CLANG_ANALYZER_NUMBER_OBJECT_CONVERSION = YES_AGGRESSIVE;
				CLANG_CXX_LANGUAGE_STANDARD = "gnu++14";
				CLANG_CXX_LIBRARY = "libc++";
				CLANG_ENABLE_MODULES = YES;
				CLANG_ENABLE_OBJC_ARC = YES;
				CLANG_ENABLE_OBJC_WEAK = YES;
				CLANG_WARN_BLOCK_CAPTURE_AUTORELEASING = YES;
				CLANG_WARN_BOOL_CONVERSION = YES;
				CLANG_WARN_COMMA = YES;
				CLANG_WARN_CONSTANT_CONVERSION = YES;
				CLANG_WARN_DEPRECATED_OBJC_IMPLEMENTATIONS = YES;
				CLANG_WARN_DIRECT_OBJC_ISA_USAGE = YES_ERROR;
				CLANG_WARN_DOCUMENTATION_COMMENTS = YES;
				CLANG_WARN_EMPTY_BODY = YES;
				CLANG_WARN_ENUM_CONVERSION = YES;
				CLANG_WARN_INFINITE_RECURSION = YES;
				CLANG_WARN_INT_CONVERSION = YES;
				CLANG_WARN_NON_LITERAL_NULL_CONVERSION = YES;
				CLANG_WARN_OBJC_IMPLICIT_RETAIN_SELF = YES;
				CLANG_WARN_OBJC_LITERAL_CONVERSION = YES;
				CLANG_WARN_OBJC_ROOT_CLASS = YES_ERROR;
				CLANG_WARN_QUOTED_INCLUDE_IN_FRAMEWORK_HEADER = YES;
				CLANG_WARN_RANGE_LOOP_ANALYSIS = YES;
				CLANG_WARN_STRICT_PROTOTYPES = YES;
				CLANG_WARN_SUSPICIOUS_MOVE = YES;
				CLANG_WARN_UNGUARDED_AVAILABILITY = YES_AGGRESSIVE;
				CLANG_WARN_UNREACHABLE_CODE = YES;
				CLANG_WARN__DUPLICATE_METHOD_MATCH = YES;
				COPY_PHASE_STRIP = NO;
				DEBUG_INFORMATION_FORMAT = dwarf;
				ENABLE_STRICT_OBJC_MSGSEND = YES;
				ENABLE_TESTABILITY = YES;
				GCC_C_LANGUAGE_STANDARD = gnu11;
				GCC_DYNAMIC_NO_PIC = NO;
				GCC_NO_COMMON_BLOCKS = YES;
				GCC_OPTIMIZATION_LEVEL = 0;
				GCC_PREPROCESSOR_DEFINITIONS = (
					"DEBUG=1",
					"$(inherited)",
				);
				GCC_WARN_64_TO_32_BIT_CONVERSION = YES;
				GCC_WARN_ABOUT_RETURN_TYPE = YES_ERROR;
				GCC_WARN_UNDECLARED_SELECTOR = YES;
				GCC_WARN_UNINITIALIZED_AUTOS = YES_AGGRESSIVE;
				GCC_WARN_UNUSED_FUNCTION = YES;
				GCC_WARN_UNUSED_VARIABLE = YES;
				IPHONEOS_DEPLOYMENT_TARGET = 14.5;
				MTL_ENABLE_DEBUG_INFO = INCLUDE_SOURCE;
				MTL_FAST_MATH = YES;
				ONLY_ACTIVE_ARCH = YES;
				SDKROOT = iphoneos;
				SWIFT_ACTIVE_COMPILATION_CONDITIONS = DEBUG;
				SWIFT_OPTIMIZATION_LEVEL = "-Onone";
			};
			name = Debug;
		};
		67136F9E2683BB5A00A97080 /* Release */ = {
			isa = XCBuildConfiguration;
			buildSettings = {
				ALWAYS_SEARCH_USER_PATHS = NO;
				CLANG_ANALYZER_NONNULL = YES;
				CLANG_ANALYZER_NUMBER_OBJECT_CONVERSION = YES_AGGRESSIVE;
				CLANG_CXX_LANGUAGE_STANDARD = "gnu++14";
				CLANG_CXX_LIBRARY = "libc++";
				CLANG_ENABLE_MODULES = YES;
				CLANG_ENABLE_OBJC_ARC = YES;
				CLANG_ENABLE_OBJC_WEAK = YES;
				CLANG_WARN_BLOCK_CAPTURE_AUTORELEASING = YES;
				CLANG_WARN_BOOL_CONVERSION = YES;
				CLANG_WARN_COMMA = YES;
				CLANG_WARN_CONSTANT_CONVERSION = YES;
				CLANG_WARN_DEPRECATED_OBJC_IMPLEMENTATIONS = YES;
				CLANG_WARN_DIRECT_OBJC_ISA_USAGE = YES_ERROR;
				CLANG_WARN_DOCUMENTATION_COMMENTS = YES;
				CLANG_WARN_EMPTY_BODY = YES;
				CLANG_WARN_ENUM_CONVERSION = YES;
				CLANG_WARN_INFINITE_RECURSION = YES;
				CLANG_WARN_INT_CONVERSION = YES;
				CLANG_WARN_NON_LITERAL_NULL_CONVERSION = YES;
				CLANG_WARN_OBJC_IMPLICIT_RETAIN_SELF = YES;
				CLANG_WARN_OBJC_LITERAL_CONVERSION = YES;
				CLANG_WARN_OBJC_ROOT_CLASS = YES_ERROR;
				CLANG_WARN_QUOTED_INCLUDE_IN_FRAMEWORK_HEADER = YES;
				CLANG_WARN_RANGE_LOOP_ANALYSIS = YES;
				CLANG_WARN_STRICT_PROTOTYPES = YES;
				CLANG_WARN_SUSPICIOUS_MOVE = YES;
				CLANG_WARN_UNGUARDED_AVAILABILITY = YES_AGGRESSIVE;
				CLANG_WARN_UNREACHABLE_CODE = YES;
				CLANG_WARN__DUPLICATE_METHOD_MATCH = YES;
				COPY_PHASE_STRIP = NO;
				DEBUG_INFORMATION_FORMAT = "dwarf-with-dsym";
				ENABLE_NS_ASSERTIONS = NO;
				ENABLE_STRICT_OBJC_MSGSEND = YES;
				GCC_C_LANGUAGE_STANDARD = gnu11;
				GCC_NO_COMMON_BLOCKS = YES;
				GCC_WARN_64_TO_32_BIT_CONVERSION = YES;
				GCC_WARN_ABOUT_RETURN_TYPE = YES_ERROR;
				GCC_WARN_UNDECLARED_SELECTOR = YES;
				GCC_WARN_UNINITIALIZED_AUTOS = YES_AGGRESSIVE;
				GCC_WARN_UNUSED_FUNCTION = YES;
				GCC_WARN_UNUSED_VARIABLE = YES;
				IPHONEOS_DEPLOYMENT_TARGET = 14.5;
				MTL_ENABLE_DEBUG_INFO = NO;
				MTL_FAST_MATH = YES;
				SDKROOT = iphoneos;
				SWIFT_COMPILATION_MODE = wholemodule;
				SWIFT_OPTIMIZATION_LEVEL = "-O";
				VALIDATE_PRODUCT = YES;
			};
			name = Release;
		};
		67136FA02683BB5A00A97080 /* Debug */ = {
			isa = XCBuildConfiguration;
			baseConfigurationReference = 204A03C3BB46D316D012D5E1 /* Pods-JoseChat.debug.xcconfig */;
			buildSettings = {
				ASSETCATALOG_COMPILER_APPICON_NAME = AppIcon;
				ASSETCATALOG_COMPILER_GLOBAL_ACCENT_COLOR_NAME = AccentColor;
				CODE_SIGN_STYLE = Automatic;
				DEVELOPMENT_TEAM = 52GG5DVJBG;
				INFOPLIST_FILE = JoseChat/Info.plist;
				LD_RUNPATH_SEARCH_PATHS = (
					"$(inherited)",
					"@executable_path/Frameworks",
				);
				PRODUCT_BUNDLE_IDENTIFIER = jose.arguinzzones.JoseChat;
				PRODUCT_NAME = "$(TARGET_NAME)";
				SWIFT_VERSION = 5.0;
				TARGETED_DEVICE_FAMILY = "1,2";
			};
			name = Debug;
		};
		67136FA12683BB5A00A97080 /* Release */ = {
			isa = XCBuildConfiguration;
			baseConfigurationReference = 9F7BD3BB10097045050DFE51 /* Pods-JoseChat.release.xcconfig */;
			buildSettings = {
				ASSETCATALOG_COMPILER_APPICON_NAME = AppIcon;
				ASSETCATALOG_COMPILER_GLOBAL_ACCENT_COLOR_NAME = AccentColor;
				CODE_SIGN_STYLE = Automatic;
				DEVELOPMENT_TEAM = 52GG5DVJBG;
				INFOPLIST_FILE = JoseChat/Info.plist;
				LD_RUNPATH_SEARCH_PATHS = (
					"$(inherited)",
					"@executable_path/Frameworks",
				);
				PRODUCT_BUNDLE_IDENTIFIER = jose.arguinzzones.JoseChat;
				PRODUCT_NAME = "$(TARGET_NAME)";
				SWIFT_VERSION = 5.0;
				TARGETED_DEVICE_FAMILY = "1,2";
			};
			name = Release;
		};
/* End XCBuildConfiguration section */

/* Begin XCConfigurationList section */
		67136F862683BB5700A97080 /* Build configuration list for PBXProject "JoseChat" */ = {
			isa = XCConfigurationList;
			buildConfigurations = (
				67136F9D2683BB5A00A97080 /* Debug */,
				67136F9E2683BB5A00A97080 /* Release */,
			);
			defaultConfigurationIsVisible = 0;
			defaultConfigurationName = Release;
		};
		67136F9F2683BB5A00A97080 /* Build configuration list for PBXNativeTarget "JoseChat" */ = {
			isa = XCConfigurationList;
			buildConfigurations = (
				67136FA02683BB5A00A97080 /* Debug */,
				67136FA12683BB5A00A97080 /* Release */,
			);
			defaultConfigurationIsVisible = 0;
			defaultConfigurationName = Release;
		};
/* End XCConfigurationList section */
	};
	rootObject = 67136F832683BB5700A97080 /* Project object */;
}
